
Microsoft Visual Studio Solution File, Format Version 12.00
# Visual Studio Version 16
VisualStudioVersion = 16.0.30804.86
MinimumVisualStudioVersion = 10.0.40219.1
Project("{FAE04EC0-301F-11D3-BF4B-00C04F79EFBC}") = "SumNote", "SumNote\SumNote.csproj", "{B0256A5C-62A3-429A-A79B-2E8FD47CBAD7}"
EndProject
Project("{FAE04EC0-301F-11D3-BF4B-00C04F79EFBC}") = "Test", "Test\Test.csproj", "{685A7C2D-412F-4764-8F74-4254E4A7C817}"
EndProject
Global
	GlobalSection(SolutionConfigurationPlatforms) = preSolution
		Debug|Any CPU = Debug|Any CPU
		Release|Any CPU = Release|Any CPU
	EndGlobalSection
	GlobalSection(ProjectConfigurationPlatforms) = postSolution
		{B0256A5C-62A3-429A-A79B-2E8FD47CBAD7}.Debug|Any CPU.ActiveCfg = Debug|Any CPU
		{B0256A5C-62A3-429A-A79B-2E8FD47CBAD7}.Debug|Any CPU.Build.0 = Debug|Any CPU
		{B0256A5C-62A3-429A-A79B-2E8FD47CBAD7}.Release|Any CPU.ActiveCfg = Release|Any CPU
		{B0256A5C-62A3-429A-A79B-2E8FD47CBAD7}.Release|Any CPU.Build.0 = Release|Any CPU
		{685A7C2D-412F-4764-8F74-4254E4A7C817}.Debug|Any CPU.ActiveCfg = Debug|Any CPU
		{685A7C2D-412F-4764-8F74-4254E4A7C817}.Debug|Any CPU.Build.0 = Debug|Any CPU
		{685A7C2D-412F-4764-8F74-4254E4A7C817}.Release|Any CPU.ActiveCfg = Release|Any CPU
		{685A7C2D-412F-4764-8F74-4254E4A7C817}.Release|Any CPU.Build.0 = Release|Any CPU
	EndGlobalSection
	GlobalSection(SolutionProperties) = preSolution
		HideSolutionNode = FALSE
	EndGlobalSection
	GlobalSection(ExtensibilityGlobals) = postSolution
		SolutionGuid = {95ED7AB4-A9E6-4568-9220-78907FA5775A}
	EndGlobalSection
EndGlobal
